// !$*UTF8*$!
{
	archiveVersion = 1;
	classes = {
	};
	objectVersion = 46;
	objects = {

/* Begin PBXBuildFile section */
		533F30FA1D7270D5007034EB /* AppDelegate.swift in Sources */ = {isa = PBXBuildFile; fileRef = 533F30F91D7270D5007034EB /* AppDelegate.swift */; };
		533F30FF1D7270D5007034EB /* Main.storyboard in Resources */ = {isa = PBXBuildFile; fileRef = 533F30FD1D7270D5007034EB /* Main.storyboard */; };
		533F31011D7270D5007034EB /* Assets.xcassets in Resources */ = {isa = PBXBuildFile; fileRef = 533F31001D7270D5007034EB /* Assets.xcassets */; };
		533F31041D7270D5007034EB /* LaunchScreen.storyboard in Resources */ = {isa = PBXBuildFile; fileRef = 533F31021D7270D5007034EB /* LaunchScreen.storyboard */; };
		533F310C1D7273CF007034EB /* ZSC_CreatQR_ViewController.swift in Sources */ = {isa = PBXBuildFile; fileRef = 533F310B1D7273CF007034EB /* ZSC_CreatQR_ViewController.swift */; };
		533F310E1D7284AC007034EB /* ZSC_QR_ImageView.swift in Sources */ = {isa = PBXBuildFile; fileRef = 533F310D1D7284AC007034EB /* ZSC_QR_ImageView.swift */; };
		539B776A1D72CFCA00D3A061 /* 456.jpg in Resources */ = {isa = PBXBuildFile; fileRef = 539B77691D72CFCA00D3A061 /* 456.jpg */; };
/* End PBXBuildFile section */

/* Begin PBXFileReference section */
		533F30F61D7270D4007034EB /* Hello_QR_Code.app */ = {isa = PBXFileReference; explicitFileType = wrapper.application; includeInIndex = 0; path = Hello_QR_Code.app; sourceTree = BUILT_PRODUCTS_DIR; };
		533F30F91D7270D5007034EB /* AppDelegate.swift */ = {isa = PBXFileReference; lastKnownFileType = sourcecode.swift; path = AppDelegate.swift; sourceTree = "<group>"; };
		533F30FE1D7270D5007034EB /* Base */ = {isa = PBXFileReference; lastKnownFileType = file.storyboard; name = Base; path = Base.lproj/Main.storyboard; sourceTree = "<group>"; };
		533F31001D7270D5007034EB /* Assets.xcassets */ = {isa = PBXFileReference; lastKnownFileType = folder.assetcatalog; path = Assets.xcassets; sourceTree = "<group>"; };
		533F31031D7270D5007034EB /* Base */ = {isa = PBXFileReference; lastKnownFileType = file.storyboard; name = Base; path = Base.lproj/LaunchScreen.storyboard; sourceTree = "<group>"; };
		533F31051D7270D5007034EB /* Info.plist */ = {isa = PBXFileReference; lastKnownFileType = text.plist.xml; path = Info.plist; sourceTree = "<group>"; };
		533F310B1D7273CF007034EB /* ZSC_CreatQR_ViewController.swift */ = {isa = PBXFileReference; fileEncoding = 4; lastKnownFileType = sourcecode.swift; path = ZSC_CreatQR_ViewController.swift; sourceTree = "<group>"; };
		533F310D1D7284AC007034EB /* ZSC_QR_ImageView.swift */ = {isa = PBXFileReference; fileEncoding = 4; lastKnownFileType = sourcecode.swift; path = ZSC_QR_ImageView.swift; sourceTree = "<group>"; };
		539B77691D72CFCA00D3A061 /* 456.jpg */ = {isa = PBXFileReference; lastKnownFileType = image.jpeg; path = 456.jpg; sourceTree = "<group>"; };
/* End PBXFileReference section */

/* Begin PBXFrameworksBuildPhase section */
		533F30F31D7270D4007034EB /* Frameworks */ = {
			isa = PBXFrameworksBuildPhase;
			buildActionMask = 2147483647;
			files = (
			);
			runOnlyForDeploymentPostprocessing = 0;
		};
/* End PBXFrameworksBuildPhase section */

/* Begin PBXGroup section */
		533F30ED1D7270D4007034EB = {
			isa = PBXGroup;
			children = (
				533F30F81D7270D5007034EB /* Hello_QR_Code */,
				533F30F71D7270D5007034EB /* Products */,
			);
			sourceTree = "<group>";
		};
		533F30F71D7270D5007034EB /* Products */ = {
			isa = PBXGroup;
			children = (
				533F30F61D7270D4007034EB /* Hello_QR_Code.app */,
			);
			name = Products;
			sourceTree = "<group>";
		};
		533F30F81D7270D5007034EB /* Hello_QR_Code */ = {
			isa = PBXGroup;
			children = (
				533F30F91D7270D5007034EB /* AppDelegate.swift */,
				533F310B1D7273CF007034EB /* ZSC_CreatQR_ViewController.swift */,
				539B77691D72CFCA00D3A061 /* 456.jpg */,
				533F310D1D7284AC007034EB /* ZSC_QR_ImageView.swift */,
				533F30FD1D7270D5007034EB /* Main.storyboard */,
				533F31001D7270D5007034EB /* Assets.xcassets */,
				533F31021D7270D5007034EB /* LaunchScreen.storyboard */,
				533F31051D7270D5007034EB /* Info.plist */,
			);
			path = Hello_QR_Code;
			sourceTree = "<group>";
		};
/* End PBXGroup section */

/* Begin PBXNativeTarget section */
		533F30F51D7270D4007034EB /* Hello_QR_Code */ = {
			isa = PBXNativeTarget;
			buildConfigurationList = 533F31081D7270D5007034EB /* Build configuration list for PBXNativeTarget "Hello_QR_Code" */;
			buildPhases = (
				533F30F21D7270D4007034EB /* Sources */,
				533F30F31D7270D4007034EB /* Frameworks */,
				533F30F41D7270D4007034EB /* Resources */,
			);
			buildRules = (
			);
			dependencies = (
			);
			name = Hello_QR_Code;
			productName = Hello_QR_Code;
			productReference = 533F30F61D7270D4007034EB /* Hello_QR_Code.app */;
			productType = "com.apple.product-type.application";
		};
/* End PBXNativeTarget section */

/* Begin PBXProject section */
		533F30EE1D7270D4007034EB /* Project object */ = {
			isa = PBXProject;
			attributes = {
				CLASSPREFIX = ZSC;
				LastSwiftUpdateCheck = 0730;
				LastUpgradeCheck = 0730;
				ORGANIZATIONNAME = "很傻很天真";
				TargetAttributes = {
					533F30F51D7270D4007034EB = {
						CreatedOnToolsVersion = 7.3.1;
					};
				};
			};
			buildConfigurationList = 533F30F11D7270D4007034EB /* Build configuration list for PBXProject "Hello_QR_Code" */;
			compatibilityVersion = "Xcode 3.2";
			developmentRegion = English;
			hasScannedForEncodings = 0;
			knownRegions = (
				en,
				Base,
			);
			mainGroup = 533F30ED1D7270D4007034EB;
			productRefGroup = 533F30F71D7270D5007034EB /* Products */;
			projectDirPath = "";
			projectRoot = "";
			targets = (
				533F30F51D7270D4007034EB /* Hello_QR_Code */,
			);
		};
/* End PBXProject section */

/* Begin PBXResourcesBuildPhase section */
		533F30F41D7270D4007034EB /* Resources */ = {
			isa = PBXResourcesBuildPhase;
			buildActionMask = 2147483647;
			files = (
				533F31041D7270D5007034EB /* LaunchScreen.storyboard in Resources */,
				533F31011D7270D5007034EB /* Assets.xcassets in Resources */,
				533F30FF1D7270D5007034EB /* Main.storyboard in Resources */,
				539B776A1D72CFCA00D3A061 /* 456.jpg in Resources */,
			);
			runOnlyForDeploymentPostprocessing = 0;
		};
/* End PBXResourcesBuildPhase section */

/* Begin PBXSourcesBuildPhase section */
		533F30F21D7270D4007034EB /* Sources */ = {
			isa = PBXSourcesBuildPhase;
			buildActionMask = 2147483647;
			files = (
				533F310E1D7284AC007034EB /* ZSC_QR_ImageView.swift in Sources */,
				533F30FA1D7270D5007034EB /* AppDelegate.swift in Sources */,
				533F310C1D7273CF007034EB /* ZSC_CreatQR_ViewController.swift in Sources */,
			);
			runOnlyForDeploymentPostprocessing = 0;
		};
/* End PBXSourcesBuildPhase section */

/* Begin PBXVariantGroup section */
		533F30FD1D7270D5007034EB /* Main.storyboard */ = {
			isa = PBXVariantGroup;
			children = (
				533F30FE1D7270D5007034EB /* Base */,
			);
			name = Main.storyboard;
			sourceTree = "<group>";
		};
		533F31021D7270D5007034EB /* LaunchScreen.storyboard */ = {
			isa = PBXVariantGroup;
			children = (
				533F31031D7270D5007034EB /* Base */,
			);
			name = LaunchScreen.storyboard;
			sourceTree = "<group>";
		};
/* End PBXVariantGroup section */

/* Begin XCBuildConfiguration section */
		533F31061D7270D5007034EB /* Debug */ = {
			isa = XCBuildConfiguration;
			buildSettings = {
				ALWAYS_SEARCH_USER_PATHS = NO;
				CLANG_ANALYZER_NONNULL = YES;
				CLANG_CXX_LANGUAGE_STANDARD = "gnu++0x";
				CLANG_CXX_LIBRARY = "libc++";
				CLANG_ENABLE_MODULES = YES;
				CLANG_ENABLE_OBJC_ARC = YES;
				CLANG_WARN_BOOL_CONVERSION = YES;
				CLANG_WARN_CONSTANT_CONVERSION = YES;
				CLANG_WARN_DIRECT_OBJC_ISA_USAGE = YES_ERROR;
				CLANG_WARN_EMPTY_BODY = YES;
				CLANG_WARN_ENUM_CONVERSION = YES;
				CLANG_WARN_INT_CONVERSION = YES;
				CLANG_WARN_OBJC_ROOT_CLASS = YES_ERROR;
				CLANG_WARN_UNREACHABLE_CODE = YES;
				CLANG_WARN__DUPLICATE_METHOD_MATCH = YES;
				"CODE_SIGN_IDENTITY[sdk=iphoneos*]" = "iPhone Developer";
				COPY_PHASE_STRIP = NO;
				DEBUG_INFORMATION_FORMAT = dwarf;
				ENABLE_STRICT_OBJC_MSGSEND = YES;
				ENABLE_TESTABILITY = YES;
				GCC_C_LANGUAGE_STANDARD = gnu99;
				GCC_DYNAMIC_NO_PIC = NO;
				GCC_NO_COMMON_BLOCKS = YES;
				GCC_OPTIMIZATION_LEVEL = 0;
				GCC_PREPROCESSOR_DEFINITIONS = (
					"DEBUG=1",
					"$(inherited)",
				);
				GCC_WARN_64_TO_32_BIT_CONVERSION = YES;
				GCC_WARN_ABOUT_RETURN_TYPE = YES_ERROR;
				GCC_WARN_UNDECLARED_SELECTOR = YES;
				GCC_WARN_UNINITIALIZED_AUTOS = YES_AGGRESSIVE;
				GCC_WARN_UNUSED_FUNCTION = YES;
				GCC_WARN_UNUSED_VARIABLE = YES;
				IPHONEOS_DEPLOYMENT_TARGET = 9.3;
				MTL_ENABLE_DEBUG_INFO = YES;
				ONLY_ACTIVE_ARCH = YES;
				SDKROOT = iphoneos;
				SWIFT_OPTIMIZATION_LEVEL = "-Onone";
			};
			name = Debug;
		};
		533F31071D7270D5007034EB /* Release */ = {
			isa = XCBuildConfiguration;
			buildSettings = {
				ALWAYS_SEARCH_USER_PATHS = NO;
				CLANG_ANALYZER_NONNULL = YES;
				CLANG_CXX_LANGUAGE_STANDARD = "gnu++0x";
				CLANG_CXX_LIBRARY = "libc++";
				CLANG_ENABLE_MODULES = YES;
				CLANG_ENABLE_OBJC_ARC = YES;
				CLANG_WARN_BOOL_CONVERSION = YES;
				CLANG_WARN_CONSTANT_CONVERSION = YES;
				CLANG_WARN_DIRECT_OBJC_ISA_USAGE = YES_ERROR;
				CLANG_WARN_EMPTY_BODY = YES;
				CLANG_WARN_ENUM_CONVERSION = YES;
				CLANG_WARN_INT_CONVERSION = YES;
				CLANG_WARN_OBJC_ROOT_CLASS = YES_ERROR;
				CLANG_WARN_UNREACHABLE_CODE = YES;
				CLANG_WARN__DUPLICATE_METHOD_MATCH = YES;
				"CODE_SIGN_IDENTITY[sdk=iphoneos*]" = "iPhone Developer";
				COPY_PHASE_STRIP = NO;
				DEBUG_INFORMATION_FORMAT = "dwarf-with-dsym";
				ENABLE_NS_ASSERTIONS = NO;
				ENABLE_STRICT_OBJC_MSGSEND = YES;
				GCC_C_LANGUAGE_STANDARD = gnu99;
				GCC_NO_COMMON_BLOCKS = YES;
				GCC_WARN_64_TO_32_BIT_CONVERSION = YES;
				GCC_WARN_ABOUT_RETURN_TYPE = YES_ERROR;
				GCC_WARN_UNDECLARED_SELECTOR = YES;
				GCC_WARN_UNINITIALIZED_AUTOS = YES_AGGRESSIVE;
				GCC_WARN_UNUSED_FUNCTION = YES;
				GCC_WARN_UNUSED_VARIABLE = YES;
				IPHONEOS_DEPLOYMENT_TARGET = 9.3;
				MTL_ENABLE_DEBUG_INFO = NO;
				SDKROOT = iphoneos;
				VALIDATE_PRODUCT = YES;
			};
			name = Release;
		};
		533F31091D7270D5007034EB /* Debug */ = {
			isa = XCBuildConfiguration;
			buildSettings = {
				ASSETCATALOG_COMPILER_APPICON_NAME = AppIcon;
				INFOPLIST_FILE = Hello_QR_Code/Info.plist;
				LD_RUNPATH_SEARCH_PATHS = "$(inherited) @executable_path/Frameworks";
				PRODUCT_BUNDLE_IDENTIFIER = "tianzhen.Hello-QR-Code";
				PRODUCT_NAME = "$(TARGET_NAME)";
			};
			name = Debug;
		};
		533F310A1D7270D5007034EB /* Release */ = {
			isa = XCBuildConfiguration;
			buildSettings = {
				ASSETCATALOG_COMPILER_APPICON_NAME = AppIcon;
				INFOPLIST_FILE = Hello_QR_Code/Info.plist;
				LD_RUNPATH_SEARCH_PATHS = "$(inherited) @executable_path/Frameworks";
				PRODUCT_BUNDLE_IDENTIFIER = "tianzhen.Hello-QR-Code";
				PRODUCT_NAME = "$(TARGET_NAME)";
			};
			name = Release;
		};
/* End XCBuildConfiguration section */

/* Begin XCConfigurationList section */
		533F30F11D7270D4007034EB /* Build configuration list for PBXProject "Hello_QR_Code" */ = {
			isa = XCConfigurationList;
			buildConfigurations = (
				533F31061D7270D5007034EB /* Debug */,
				533F31071D7270D5007034EB /* Release */,
			);
			defaultConfigurationIsVisible = 0;
			defaultConfigurationName = Release;
		};
		533F31081D7270D5007034EB /* Build configuration list for PBXNativeTarget "Hello_QR_Code" */ = {
			isa = XCConfigurationList;
			buildConfigurations = (
				533F31091D7270D5007034EB /* Debug */,
				533F310A1D7270D5007034EB /* Release */,
			);
			defaultConfigurationIsVisible = 0;
			defaultConfigurationName = Release;
		};
/* End XCConfigurationList section */
	};
	rootObject = 533F30EE1D7270D4007034EB /* Project object */;
}
